<?xml version="1.0" encoding="utf-8"?>
<Project ToolsVersion="4.0" xmlns="http://schemas.microsoft.com/developer/msbuild/2003">
  <ItemGroup>
    <Filter Include="Source Files">
      <UniqueIdentifier>{a905090b-0c6e-4a4d-812f-7ca3ac8dcd82}</UniqueIdentifier>
      <Extensions>cpp;c;cxx;rc;def;r;odl;idl;hpj;bat;for;f90</Extensions>
    </Filter>
    <Filter Include="Header Files">
      <UniqueIdentifier>{6e369e54-a3b5-455a-8036-2afaa8bfe0fe}</UniqueIdentifier>
      <Extensions>h;hpp;hxx;hm;inl;fi;fd</Extensions>
    </Filter>
    <Filter Include="Resource Files">
      <UniqueIdentifier>{94d78cd2-db39-43fd-83dc-b9e7791b95a6}</UniqueIdentifier>
      <Extensions>ico;cur;bmp;dlg;rc2;rct;bin;cnt;rtf;gif;jpg;jpeg;jpe</Extensions>
    </Filter>
  </ItemGroup>
  <ItemGroup>
    <ClCompile Include="Cdib.cpp">
      <Filter>Source Files</Filter>
    </ClCompile>
    <ClCompile Include="Cdirdraw.cpp">
      <Filter>Source Files</Filter>
    </ClCompile>
    <ClCompile Include="Cdirsnd.cpp">
      <Filter>Source Files</Filter>
    </ClCompile>
    <ClCompile Include="Cmydd.cpp">
      <Filter>Source Files</Filter>
    </ClCompile>
    <ClCompile Include="Cwave.cpp">
      <Filter>Source Files</Filter>
    </ClCompile>
    <ClCompile Include="Dune.cpp">
      <Filter>Source Files</Filter>
    </ClCompile>
  </ItemGroup>
  <ItemGroup>
    <ResourceCompile Include="dune.rc">
      <Filter>Source Files</Filter>
    </ResourceCompile>
  </ItemGroup>
  <ItemGroup>
    <Library Include="${VcProjDir}Dsound.lib">
      <Filter>Source Files</Filter>
    </Library>
    <Library Include="${VcProjDir}Ddraw.lib">
      <Filter>Source Files</Filter>
    </Library>
    <Library Include="${VcProjDir}Winmm.lib">
      <Filter>Source Files</Filter>
    </Library>
  </ItemGroup>
  <ItemGroup>
    <ClInclude Include="Cdib.h">
      <Filter>Header Files</Filter>
    </ClInclude>
    <ClInclude Include="Cdirdraw.h">
      <Filter>Header Files</Filter>
    </ClInclude>
    <ClInclude Include="Cdirsnd.h">
      <Filter>Header Files</Filter>
    </ClInclude>
    <ClInclude Include="Cmydd.h">
      <Filter>Header Files</Filter>
    </ClInclude>
    <ClInclude Include="Cwave.h">
      <Filter>Header Files</Filter>
    </ClInclude>
    <ClInclude Include="resource.h">
      <Filter>Header Files</Filter>
    </ClInclude>
  </ItemGroup>
  <ItemGroup>
    <Image Include="Dune.ico">
      <Filter>Resource Files</Filter>
    </Image>
  </ItemGroup>
</Project>